
Microsoft Visual Studio Solution File, Format Version 12.00
# Visual Studio Version 17
VisualStudioVersion = 17.7.34202.233
MinimumVisualStudioVersion = 10.0.40219.1
Project("{FAE04EC0-301F-11D3-BF4B-00C04F79EFBC}") = "OlaForms", "OlaForms\OlaForms.csproj", "{1D7D84D1-29E0-43E4-BBEF-E8018E0609D8}"
EndProject
Global
	GlobalSection(SolutionConfigurationPlatforms) = preSolution
		Debug|Any CPU = Debug|Any CPU
		Release|Any CPU = Release|Any CPU
	EndGlobalSection
	GlobalSection(ProjectConfigurationPlatforms) = postSolution
		{1D7D84D1-29E0-43E4-BBEF-E8018E0609D8}.Debug|Any CPU.ActiveCfg = Debug|Any CPU
		{1D7D84D1-29E0-43E4-BBEF-E8018E0609D8}.Debug|Any CPU.Build.0 = Debug|Any CPU
		{1D7D84D1-29E0-43E4-BBEF-E8018E0609D8}.Release|Any CPU.ActiveCfg = Release|Any CPU
		{1D7D84D1-29E0-43E4-BBEF-E8018E0609D8}.Release|Any CPU.Build.0 = Release|Any CPU
	EndGlobalSection
	GlobalSection(SolutionProperties) = preSolution
		HideSolutionNode = FALSE
	EndGlobalSection
	GlobalSection(ExtensibilityGlobals) = postSolution
		SolutionGuid = {5824C756-A315-448C-A492-85D0D57822BD}
	EndGlobalSection
EndGlobal
